
Microsoft Visual Studio Solution File, Format Version 12.00
# Visual Studio Version 17
VisualStudioVersion = 17.7.34031.279
MinimumVisualStudioVersion = 10.0.40219.1
Project("{FAE04EC0-301F-11D3-BF4B-00C04F79EFBC}") = "MagicVilla_API", "MagicVilla_API\MagicVilla_API.csproj", "{CD6A02E0-5466-47CB-A684-9D6EAAA5665A}"
EndProject
Global
	GlobalSection(SolutionConfigurationPlatforms) = preSolution
		Debug|Any CPU = Debug|Any CPU
		Release|Any CPU = Release|Any CPU
	EndGlobalSection
	GlobalSection(ProjectConfigurationPlatforms) = postSolution
		{CD6A02E0-5466-47CB-A684-9D6EAAA5665A}.Debug|Any CPU.ActiveCfg = Debug|Any CPU
		{CD6A02E0-5466-47CB-A684-9D6EAAA5665A}.Debug|Any CPU.Build.0 = Debug|Any CPU
		{CD6A02E0-5466-47CB-A684-9D6EAAA5665A}.Release|Any CPU.ActiveCfg = Release|Any CPU
		{CD6A02E0-5466-47CB-A684-9D6EAAA5665A}.Release|Any CPU.Build.0 = Release|Any CPU
	EndGlobalSection
	GlobalSection(SolutionProperties) = preSolution
		HideSolutionNode = FALSE
	EndGlobalSection
	GlobalSection(ExtensibilityGlobals) = postSolution
		SolutionGuid = {1180A898-5FF5-44D4-AF6D-377CCAC57CF1}
	EndGlobalSection
EndGlobal
